
Microsoft Visual Studio Solution File, Format Version 12.00
# Visual Studio Version 16
VisualStudioVersion = 16.0.31205.134
MinimumVisualStudioVersion = 10.0.40219.1
Project("{FAE04EC0-301F-11D3-BF4B-00C04F79EFBC}") = "MiniPrj", "MiniPrj\MiniPrj.csproj", "{DC1C2397-CDEF-4C7C-9147-D1EA85174834}"
EndProject
Global
	GlobalSection(SolutionConfigurationPlatforms) = preSolution
		Debug|Any CPU = Debug|Any CPU
		Release|Any CPU = Release|Any CPU
	EndGlobalSection
	GlobalSection(ProjectConfigurationPlatforms) = postSolution
		{DC1C2397-CDEF-4C7C-9147-D1EA85174834}.Debug|Any CPU.ActiveCfg = Debug|Any CPU
		{DC1C2397-CDEF-4C7C-9147-D1EA85174834}.Debug|Any CPU.Build.0 = Debug|Any CPU
		{DC1C2397-CDEF-4C7C-9147-D1EA85174834}.Release|Any CPU.ActiveCfg = Release|Any CPU
		{DC1C2397-CDEF-4C7C-9147-D1EA85174834}.Release|Any CPU.Build.0 = Release|Any CPU
	EndGlobalSection
	GlobalSection(SolutionProperties) = preSolution
		HideSolutionNode = FALSE
	EndGlobalSection
	GlobalSection(ExtensibilityGlobals) = postSolution
		SolutionGuid = {0501E9BC-0FF6-4889-970A-5EA41D45BBB2}
	EndGlobalSection
EndGlobal
